{
  "version": 1,
  "dependencies": {
    "net10.0": {
      "Sylin.Koan.App": {
        "type": "Direct",
        "requested": "[1.0.38, 1.0.38]",
        "resolved": "1.0.38",
        "contentHash": "dpU8YVbemSyfswMH2n8rsFvgSHwcrlKLkkZe2bBPe0gAYod1ShAvnwb1WxsBP2xw1bSC2fCGyU2Rj8Pq9eGuAA==",
        "dependencies": {
          "Microsoft.AspNetCore.JsonPatch": "10.0.10",
          "Microsoft.AspNetCore.Mvc.NewtonsoftJson": "10.0.10",
          "Newtonsoft.Json": "13.0.4",
          "Sylin.Koan": "[1.0.33, 2.0.0)",
          "Sylin.Koan.Web": "[1.0.47, 2.0.0)"
        }
      },
      "Sylin.Koan.Data.Connector.Sqlite": {
        "type": "Direct",
        "requested": "[1.0.46, 1.0.46]",
        "resolved": "1.0.46",
        "contentHash": "2kutyz+F8di+A6e10cVqLGYGHE+hy8EVnLOtYMdWezMqfmxvbUD4OpEVa59bMskqIuVzT5TfRVG3QMiwSWvDXA==",
        "dependencies": {
          "Microsoft.Data.Sqlite": "10.0.10",
          "Newtonsoft.Json": "13.0.4",
          "SQLitePCLRaw.lib.e_sqlite3": "3.53.3",
          "Sylin.Koan.Data.Abstractions": "[1.0.34, 2.0.0)",
          "Sylin.Koan.Data.Analytics": "[1.0.23, 2.0.0)",
          "Sylin.Koan.Data.Core": "[1.0.56, 2.0.0)",
          "Sylin.Koan.Data.Relational": "[1.0.44, 2.0.0)"
        }
      },
      "Microsoft.AspNetCore.JsonPatch": {
        "type": "Transitive",
        "resolved": "10.0.10",
        "contentHash": "sNPvgAoV/IsK4fS2gYDAqvbK5kMQPCU8h7WjOjxS1f4/0+bGnnZbTJ0ceM8jvMcUanDoNpYRFf+7UDb+s3P1ag==",
        "dependencies": {
          "Newtonsoft.Json": "13.0.3"
        }
      },
      "Microsoft.AspNetCore.Mvc.NewtonsoftJson": {
        "type": "Transitive",
        "resolved": "10.0.10",
        "contentHash": "BuigyKPrvORCHyU8Vna7eQMQg6hDNqRQyFGCEa0+QJ8pLL5xcgNpLzaD1eom54Oaxb4mHnPs8MaPKejNL9lTKA==",
        "dependencies": {
          "Microsoft.AspNetCore.JsonPatch": "10.0.10",
          "Newtonsoft.Json": "13.0.3",
          "Newtonsoft.Json.Bson": "1.0.2"
        }
      },
      "Microsoft.Data.Sqlite": {
        "type": "Transitive",
        "resolved": "10.0.10",
        "contentHash": "58JwZ39lCvRXHfV5O6RQfbHEDu8ZsXI7weRoVRR4jrGRxxkS+qyeuGrN2xD+9VYEICApYr0iTSL6PuU+DdsvPg==",
        "dependencies": {
          "Microsoft.Data.Sqlite.Core": "10.0.10",
          "SQLitePCLRaw.bundle_e_sqlite3": "2.1.11",
          "SQLitePCLRaw.core": "2.1.11"
        }
      },
      "Microsoft.Data.Sqlite.Core": {
        "type": "Transitive",
        "resolved": "10.0.10",
        "contentHash": "TPCs0ldm7AWqcKmp6f/Xr+14sat7hx4rHfRlS4RgCURBH2thEWbAKEyX7cCWr63zVJVOJIJZTg2cBiUXa8ys6g==",
        "dependencies": {
          "SQLitePCLRaw.core": "2.1.11"
        }
      },
      "Newtonsoft.Json": {
        "type": "Transitive",
        "resolved": "13.0.4",
        "contentHash": "pdgNNMai3zv51W5aq268sujXUyx7SNdE2bj1wZcWjAQrKMFZV260lbqYop1d2GM67JI1huLRwxo9ZqnfF/lC6A=="
      },
      "Newtonsoft.Json.Bson": {
        "type": "Transitive",
        "resolved": "1.0.2",
        "contentHash": "QYFyxhaABwmq3p/21VrZNYvCg3DaEoN/wUuw5nmfAf0X3HLjgupwhkEWdgfb9nvGAUIv3osmZoD3kKl4jxEmYQ==",
        "dependencies": {
          "Newtonsoft.Json": "12.0.1"
        }
      },
      "SQLitePCLRaw.bundle_e_sqlite3": {
        "type": "Transitive",
        "resolved": "2.1.11",
        "contentHash": "DC4nA7yWnf4UZdgJDF+9Mus4/cb0Y3Sfgi3gDnAoKNAIBwzkskNAbNbyu+u4atT0ruVlZNJfwZmwiEwE5oz9LQ==",
        "dependencies": {
          "SQLitePCLRaw.lib.e_sqlite3": "2.1.11",
          "SQLitePCLRaw.provider.e_sqlite3": "2.1.11"
        }
      },
      "SQLitePCLRaw.core": {
        "type": "Transitive",
        "resolved": "2.1.11",
        "contentHash": "PK0GLFkfhZzLQeR3PJf71FmhtHox+U3vcY6ZtswoMjrefkB9k6ErNJEnwXqc5KgXDSjige2XXrezqS39gkpQKA=="
      },
      "SQLitePCLRaw.lib.e_sqlite3": {
        "type": "Transitive",
        "resolved": "3.53.3",
        "contentHash": "ZXiSbBkrlw2Of/dBqny/qtQol7dlThrUD8zH/jkQicCFm2yn2BbhKsQW0+YHAzhANWz4ZJCz7gvo88BwluVhkA=="
      },
      "SQLitePCLRaw.provider.e_sqlite3": {
        "type": "Transitive",
        "resolved": "2.1.11",
        "contentHash": "Y/0ZkR+r0Cg3DQFuCl1RBnv/tmxpIZRU3HUvelPw6MVaKHwYYR8YNvgs0vuNuXCMvlyJ+Fh88U1D4tah1tt6qw==",
        "dependencies": {
          "SQLitePCLRaw.core": "2.1.11"
        }
      },
      "Sylin.Koan": {
        "type": "Transitive",
        "resolved": "1.0.33",
        "contentHash": "Zeu3Yma4sOqGm248BwBqAzJw1tRNZbAw7wiPMnNF99KPA/loxOib8OleZwXvSxN3wE29a3Wk66kXUqSo+lE9rg==",
        "dependencies": {
          "Newtonsoft.Json": "13.0.4",
          "Sylin.Koan.Communication": "[1.0.30, 2.0.0)",
          "Sylin.Koan.Core": "[1.0.36, 2.0.0)",
          "Sylin.Koan.Data.Abstractions": "[1.0.34, 2.0.0)",
          "Sylin.Koan.Data.Connector.Json": "[1.0.28, 2.0.0)",
          "Sylin.Koan.Data.Core": "[1.0.56, 2.0.0)"
        }
      },
      "Sylin.Koan.Cache.Abstractions": {
        "type": "Transitive",
        "resolved": "1.0.18",
        "contentHash": "WZocQtBAuS2eplU9S/1x91rqBVyg6YYfh5cnTXwBje+M4nPkP/AVPqjpkfykAYkYuLC5mM1QnVRAeV6PR871sQ==",
        "dependencies": {
          "Newtonsoft.Json": "13.0.4",
          "Sylin.Koan.Core": "[1.0.36, 2.0.0)"
        }
      },
      "Sylin.Koan.Communication": {
        "type": "Transitive",
        "resolved": "1.0.30",
        "contentHash": "5NrYARpZhuPliUitJpBf9QwBqd+xN9Ii5LqUUA2BIrTlrvy27BRH5e6RNgHs9AS6hIr7Z/xW42MW7ZrK0cNOvg==",
        "dependencies": {
          "Newtonsoft.Json": "13.0.4",
          "Sylin.Koan.Core": "[1.0.36, 2.0.0)",
          "Sylin.Koan.Data.Abstractions": "[1.0.34, 2.0.0)",
          "Sylin.Koan.Data.Core": "[1.0.56, 2.0.0)"
        }
      },
      "Sylin.Koan.Core": {
        "type": "Transitive",
        "resolved": "1.0.36",
        "contentHash": "MZUU7tTz8b869Urs6Oqnmbty9RWE83sNCrbBuukgbQ6WJmfm0kin9drOm7YGSwqPfQrtnCzwJG2yqm1HFE8BZA==",
        "dependencies": {
          "Newtonsoft.Json": "13.0.4"
        }
      },
      "Sylin.Koan.Data.Abstractions": {
        "type": "Transitive",
        "resolved": "1.0.34",
        "contentHash": "ht6XsmB+Romsi1nnzhxtAT95R/YmwFM7JrelNiPzKwKMvqoXXNI6RRLS8WR25AgNGq3SKCI1elesahIcmHA0XQ==",
        "dependencies": {
          "Newtonsoft.Json": "13.0.4",
          "Sylin.Koan.Core": "[1.0.36, 2.0.0)"
        }
      },
      "Sylin.Koan.Data.Analytics": {
        "type": "Transitive",
        "resolved": "1.0.23",
        "contentHash": "05kSSLdyUWpbfQY8xjuuMS83/HGdm5Hr+rlHrEGXA0Dq0Hzrjvn5bwugd6IKHUUiYx0LyN+USJe0a+QL3v/LkQ==",
        "dependencies": {
          "Newtonsoft.Json": "13.0.4",
          "Sylin.Koan.Core": "[1.0.36, 2.0.0)",
          "Sylin.Koan.Data.Abstractions": "[1.0.34, 2.0.0)",
          "Sylin.Koan.Data.Core": "[1.0.56, 2.0.0)",
          "Sylin.Koan.Data.Relational": "[1.0.44, 2.0.0)"
        }
      },
      "Sylin.Koan.Data.Connector.Json": {
        "type": "Transitive",
        "resolved": "1.0.28",
        "contentHash": "UdnVYUA0q8D1PeYHi1Hrvm17hKyNSgwyKSEE5dtA196TsnUlVEJirjYi3ep5GLTTzcu1Zj0Ci+SGPED3QU3RNA==",
        "dependencies": {
          "Newtonsoft.Json": "13.0.4",
          "Sylin.Koan.Core": "[1.0.36, 2.0.0)",
          "Sylin.Koan.Data.Abstractions": "[1.0.34, 2.0.0)",
          "Sylin.Koan.Data.Core": "[1.0.56, 2.0.0)"
        }
      },
      "Sylin.Koan.Data.Core": {
        "type": "Transitive",
        "resolved": "1.0.56",
        "contentHash": "1FfPuZ0ao1/7GpPs4GIdwR3UULS+asFSXy3sd79VAHf1YEcYr3QGpATuFKf4VoA6B8u8bGcyUwlJtwjkPopnYg==",
        "dependencies": {
          "Newtonsoft.Json": "13.0.4",
          "Sylin.Koan.Cache.Abstractions": "[1.0.18, 2.0.0)",
          "Sylin.Koan.Core": "[1.0.36, 2.0.0)",
          "Sylin.Koan.Data.Abstractions": "[1.0.34, 2.0.0)"
        }
      },
      "Sylin.Koan.Data.Relational": {
        "type": "Transitive",
        "resolved": "1.0.44",
        "contentHash": "LN1GqX7ZakGXF+CFuYX1FQ/6SlOsbpHqR9/jhynmZWJ8J24XYMIh8imIasm92OifdfMuuPcsPOFn6UGkEpoq9w==",
        "dependencies": {
          "Newtonsoft.Json": "13.0.4",
          "Sylin.Koan.Data.Abstractions": "[1.0.34, 2.0.0)",
          "Sylin.Koan.Data.Core": "[1.0.56, 2.0.0)",
          "Sylin.Koan.Data.Relational.Abstractions": "[1.0.33, 2.0.0)"
        }
      },
      "Sylin.Koan.Data.Relational.Abstractions": {
        "type": "Transitive",
        "resolved": "1.0.33",
        "contentHash": "a3Rw36ZQY5bnjZ521y+BnXYdJLnm3S8FJMHx1yKPfjRxgxYeV952sqDpFMUmcvffuzUlGbSu70O3zkrH1RLHIg==",
        "dependencies": {
          "Newtonsoft.Json": "13.0.4",
          "Sylin.Koan.Data.Abstractions": "[1.0.34, 2.0.0)"
        }
      },
      "Sylin.Koan.Web": {
        "type": "Transitive",
        "resolved": "1.0.47",
        "contentHash": "84YVckn/SfY1wXp6nik8D2LK1ol4HhiBHR0J4iumO7ARImGgqPhFHNxs77SgjDR6tldrnk0MAnQBLqyFwHU73w==",
        "dependencies": {
          "Microsoft.AspNetCore.JsonPatch": "10.0.10",
          "Microsoft.AspNetCore.Mvc.NewtonsoftJson": "10.0.10",
          "Newtonsoft.Json": "13.0.4",
          "Sylin.Koan.Core": "[1.0.36, 2.0.0)",
          "Sylin.Koan.Data.Abstractions": "[1.0.34, 2.0.0)",
          "Sylin.Koan.Data.Core": "[1.0.56, 2.0.0)"
        }
      }
    }
  }
}