{
  "version": 1,
  "dependencies": {
    "net10.0": {
      "BouncyCastle.Cryptography": {
        "type": "Direct",
        "requested": "[2.7.0, 2.7.0]",
        "resolved": "2.7.0",
        "contentHash": "U+12df8UEWHgBi04YVf/Lgi2dy3SItlIYvHjjEVa/BngCQIzDCDRBk50DDByCfDvSbe5pRNFr3b7UrVK2kMcLw=="
      },
      "System.Formats.Cbor": {
        "type": "Direct",
        "requested": "[10.0.5, 10.0.5]",
        "resolved": "10.0.5",
        "contentHash": "9Zk1wBawwHQ8uRTJPhlksc8hrY7ho4F/4GKSA/0v3iRJ0zQDpCHbZGlPl06kv0raPtBuy1dO14Yz1yrNXNZv/Q=="
      },
      "CarpaNet": {
        "type": "Transitive",
        "resolved": "1.1.0-alpha.5",
        "contentHash": "WWX7MflMMbZsdgYt6Z7PDQtqSyDDC9sBvPN4gIEoA8JsiR7VVxCmHG/SkZDeBend7JWT/LC9elZJ39wK7nnYAw=="
      },
      "CarpaNet.OAuth": {
        "type": "Transitive",
        "resolved": "1.1.0-alpha.5",
        "contentHash": "dkOqBjaAtVlsn7HdbSBbloPNXFI46ySeo/1pxVFHYUWF+rPsDDjEw/Aici+FeQRPb2+pQa8Wu4ZZX5DGGBbcmA==",
        "dependencies": {
          "CarpaNet": "1.1.0-alpha.5"
        }
      },
      "DnsClient": {
        "type": "Transitive",
        "resolved": "1.8.0",
        "contentHash": "RRwtaCXkXWsx0mmsReGDqCbRLtItfUbkRJlet1FpdciVhyMGKcPd57T1+8Jki9ojHlq9fntVhXQroOOgRak8DQ=="
      },
      "FastBertTokenizer": {
        "type": "Transitive",
        "resolved": "1.0.28",
        "contentHash": "7luZ+kHNzGesTIri8FfTEq6hLqPrMkd0Gq4KdFyytqDnqSueuQckxzqb7yYI6FOL9ucEwD7szMJAXDfcaywJ2A=="
      },
      "Microsoft.AspNetCore.Authentication.JwtBearer": {
        "type": "Transitive",
        "resolved": "10.0.10",
        "contentHash": "VAcqS42zb9WJd9DjPdkVTS5YrQENmNzPNJuRu8VAW7x3TEWUipc4d4hHzVJdFB0h/KLdr4XcXZzRHcUOKVanMQ==",
        "dependencies": {
          "Microsoft.IdentityModel.Protocols.OpenIdConnect": "8.19.2"
        }
      },
      "Microsoft.AspNetCore.Authentication.OpenIdConnect": {
        "type": "Transitive",
        "resolved": "10.0.10",
        "contentHash": "JSFSrOzl1N1iBbUIVGVdB+WaKeswxHR6qJAlE+PxImYZPhSM8KlrBRRSi3Oxytpx3DY25W8BJMKHvtMbHBxFZg==",
        "dependencies": {
          "Microsoft.IdentityModel.Protocols.OpenIdConnect": "8.19.2"
        }
      },
      "Microsoft.AspNetCore.JsonPatch": {
        "type": "Transitive",
        "resolved": "10.0.10",
        "contentHash": "sNPvgAoV/IsK4fS2gYDAqvbK5kMQPCU8h7WjOjxS1f4/0+bGnnZbTJ0ceM8jvMcUanDoNpYRFf+7UDb+s3P1ag==",
        "dependencies": {
          "Newtonsoft.Json": "13.0.3"
        }
      },
      "Microsoft.AspNetCore.Mvc.NewtonsoftJson": {
        "type": "Transitive",
        "resolved": "10.0.10",
        "contentHash": "BuigyKPrvORCHyU8Vna7eQMQg6hDNqRQyFGCEa0+QJ8pLL5xcgNpLzaD1eom54Oaxb4mHnPs8MaPKejNL9lTKA==",
        "dependencies": {
          "Microsoft.AspNetCore.JsonPatch": "10.0.10",
          "Newtonsoft.Json": "13.0.3",
          "Newtonsoft.Json.Bson": "1.0.2"
        }
      },
      "Microsoft.Bcl.Cryptography": {
        "type": "Transitive",
        "resolved": "10.0.2",
        "contentHash": "LG9Yll3B5aNpxv0+D47g6LiOiKBIlodhcHdQwcYzo8VeexFLGqx5ymetmA2aBRyo9cCcWsQWrFsdbsr8LvmWDw=="
      },
      "Microsoft.Data.Sqlite": {
        "type": "Transitive",
        "resolved": "10.0.10",
        "contentHash": "58JwZ39lCvRXHfV5O6RQfbHEDu8ZsXI7weRoVRR4jrGRxxkS+qyeuGrN2xD+9VYEICApYr0iTSL6PuU+DdsvPg==",
        "dependencies": {
          "Microsoft.Data.Sqlite.Core": "10.0.10",
          "SQLitePCLRaw.bundle_e_sqlite3": "2.1.11",
          "SQLitePCLRaw.core": "2.1.11"
        }
      },
      "Microsoft.Data.Sqlite.Core": {
        "type": "Transitive",
        "resolved": "10.0.10",
        "contentHash": "TPCs0ldm7AWqcKmp6f/Xr+14sat7hx4rHfRlS4RgCURBH2thEWbAKEyX7cCWr63zVJVOJIJZTg2cBiUXa8ys6g==",
        "dependencies": {
          "SQLitePCLRaw.core": "2.1.11"
        }
      },
      "Microsoft.Extensions.AI": {
        "type": "Transitive",
        "resolved": "10.8.0",
        "contentHash": "QfthL8e2X/Z6jRs4YyVS2+HTApJvhz725l35HYZ9cfwlEuQnpzY89NJoGNmpuNZn4LIvvQOQeZIbu3jggBXgUg==",
        "dependencies": {
          "Microsoft.Extensions.AI.Abstractions": "10.8.0",
          "System.Numerics.Tensors": "10.0.10"
        }
      },
      "Microsoft.Extensions.AI.Abstractions": {
        "type": "Transitive",
        "resolved": "10.8.0",
        "contentHash": "1tJZ5sAYrEq1YjNg8GrZSL1tVodsWRfrgybGsZo5DQsWQgLZ+dSR5uFowIS6vb/9zxGBPl7xpYq53QMjNObO9w=="
      },
      "Microsoft.IdentityModel.Abstractions": {
        "type": "Transitive",
        "resolved": "8.19.2",
        "contentHash": "HJbo/lnSfNHUfphPRT910poQc4T2/9+8svFLvzuaYHGAOJ2Tu+oEDqpX0BVP3BJ4OuUM1kylEKyaiX2fCAK3Cw=="
      },
      "Microsoft.IdentityModel.JsonWebTokens": {
        "type": "Transitive",
        "resolved": "8.19.2",
        "contentHash": "ui3fuBT4fs8kdKfBthI4NzLYIBIneEVS8UrL1JVBzAn80UiKmngBBi0BEByE7n/9c+EElcfFlCMFFTqpkBSLNA==",
        "dependencies": {
          "Microsoft.IdentityModel.Tokens": "8.19.2"
        }
      },
      "Microsoft.IdentityModel.Logging": {
        "type": "Transitive",
        "resolved": "8.19.2",
        "contentHash": "r5YLDIxGOnkVJHrqXv/iD1FM1CgGrQOdriXuvuWvTPmKbnGANhEysq9XKmN6IHjf2a+9bAGEpnoRBsAQlvJU5w==",
        "dependencies": {
          "Microsoft.IdentityModel.Abstractions": "8.19.2"
        }
      },
      "Microsoft.IdentityModel.Protocols": {
        "type": "Transitive",
        "resolved": "8.19.2",
        "contentHash": "sGxSsSrZXNmca6D+jHH2rVRyo2nNRd/g4H9CFbPmLLq0xgoH1U0orLWE5minfijw7+zq49tBs7txenbfAErRoQ==",
        "dependencies": {
          "Microsoft.IdentityModel.Tokens": "8.19.2"
        }
      },
      "Microsoft.IdentityModel.Protocols.OpenIdConnect": {
        "type": "Transitive",
        "resolved": "8.19.2",
        "contentHash": "1XOcyY36cVymzE3qKdzKaUEZ4Pzt7ZpSa14JZoPPK1NLFUkQDs85TCqpV6XDo0YjFXj6nVK00AfOHppjghjhtw==",
        "dependencies": {
          "Microsoft.IdentityModel.Protocols": "8.19.2",
          "System.IdentityModel.Tokens.Jwt": "8.19.2"
        }
      },
      "Microsoft.IdentityModel.Tokens": {
        "type": "Transitive",
        "resolved": "8.19.2",
        "contentHash": "GtPC1S02uH1gOO4fQ+zRysIicKmEXaYFP8PIkdJYXqMyruYhopre4ozVHp0XiDSA0+GJvOZH9prxCPvgBMg4Ww==",
        "dependencies": {
          "Microsoft.Bcl.Cryptography": "10.0.2",
          "Microsoft.IdentityModel.Logging": "8.19.2"
        }
      },
      "Microsoft.ML.OnnxRuntime": {
        "type": "Transitive",
        "resolved": "1.27.1",
        "contentHash": "lVD57zo77erw9oLC2obkKkMOM+CqbtwZuztfXQxEy3oJBOWmDKweto+c+N/Mh/FUoVRRFfsR9KaMX+aM+XLh+Q==",
        "dependencies": {
          "Microsoft.ML.OnnxRuntime.Managed": "1.27.1"
        }
      },
      "Microsoft.ML.OnnxRuntime.Managed": {
        "type": "Transitive",
        "resolved": "1.27.1",
        "contentHash": "7vZTjZzuSP6XC47lbRN0xI9+6YDOChxKjmUmb80q7YC8Nb7zQUVrETFGLXlFfYWjvlb8/4J+w+L33gBTCpLMKA==",
        "dependencies": {
          "System.Numerics.Tensors": "9.0.0"
        }
      },
      "Newtonsoft.Json": {
        "type": "Transitive",
        "resolved": "13.0.4",
        "contentHash": "pdgNNMai3zv51W5aq268sujXUyx7SNdE2bj1wZcWjAQrKMFZV260lbqYop1d2GM67JI1huLRwxo9ZqnfF/lC6A=="
      },
      "Newtonsoft.Json.Bson": {
        "type": "Transitive",
        "resolved": "1.0.2",
        "contentHash": "QYFyxhaABwmq3p/21VrZNYvCg3DaEoN/wUuw5nmfAf0X3HLjgupwhkEWdgfb9nvGAUIv3osmZoD3kKl4jxEmYQ==",
        "dependencies": {
          "Newtonsoft.Json": "12.0.1"
        }
      },
      "SQLitePCLRaw.bundle_e_sqlite3": {
        "type": "Transitive",
        "resolved": "2.1.11",
        "contentHash": "DC4nA7yWnf4UZdgJDF+9Mus4/cb0Y3Sfgi3gDnAoKNAIBwzkskNAbNbyu+u4atT0ruVlZNJfwZmwiEwE5oz9LQ==",
        "dependencies": {
          "SQLitePCLRaw.lib.e_sqlite3": "2.1.11",
          "SQLitePCLRaw.provider.e_sqlite3": "2.1.11"
        }
      },
      "SQLitePCLRaw.core": {
        "type": "Transitive",
        "resolved": "2.1.11",
        "contentHash": "PK0GLFkfhZzLQeR3PJf71FmhtHox+U3vcY6ZtswoMjrefkB9k6ErNJEnwXqc5KgXDSjige2XXrezqS39gkpQKA=="
      },
      "SQLitePCLRaw.lib.e_sqlite3": {
        "type": "Transitive",
        "resolved": "3.53.3",
        "contentHash": "ZXiSbBkrlw2Of/dBqny/qtQol7dlThrUD8zH/jkQicCFm2yn2BbhKsQW0+YHAzhANWz4ZJCz7gvo88BwluVhkA=="
      },
      "SQLitePCLRaw.provider.e_sqlite3": {
        "type": "Transitive",
        "resolved": "2.1.11",
        "contentHash": "Y/0ZkR+r0Cg3DQFuCl1RBnv/tmxpIZRU3HUvelPw6MVaKHwYYR8YNvgs0vuNuXCMvlyJ+Fh88U1D4tah1tt6qw==",
        "dependencies": {
          "SQLitePCLRaw.core": "2.1.11"
        }
      },
      "System.IdentityModel.Tokens.Jwt": {
        "type": "Transitive",
        "resolved": "8.19.2",
        "contentHash": "gqhDC/icByKEutygpr+OFgAmjwTVowyzFjWB8K0q1ww8uFj5a1BQNL+QvijUl9uhq4p8OdDwcAIrjVC+eC9FVA==",
        "dependencies": {
          "Microsoft.IdentityModel.JsonWebTokens": "8.19.2",
          "Microsoft.IdentityModel.Tokens": "8.19.2"
        }
      },
      "System.Numerics.Tensors": {
        "type": "Transitive",
        "resolved": "10.0.10",
        "contentHash": "9Ildb4Y9maDztB0ZRGxsNShbpCQ2Tjv2dr4IjskBxpTGhH7aIz1+oC+Hl833ASs/htWwsH6myNe+sRpeyCzeMQ=="
      },
      "Sylin.Koan.AI": {
        "type": "Project",
        "dependencies": {
          "Microsoft.Extensions.AI": "[10.8.0, )",
          "Sylin.Koan.AI.Contracts": "[1.0.0, )",
          "Sylin.Koan.Core": "[1.0.0, )"
        }
      },
      "Sylin.Koan.AI.Connector.Onnx": {
        "type": "Project",
        "dependencies": {
          "FastBertTokenizer": "[1.0.28, )",
          "Microsoft.ML.OnnxRuntime": "[1.27.1, )",
          "Sylin.Koan.AI": "[1.0.0, )",
          "Sylin.Koan.AI.Contracts": "[1.0.0, )",
          "Sylin.Koan.Core": "[1.0.0, )"
        }
      },
      "Sylin.Koan.AI.Contracts": {
        "type": "Project",
        "dependencies": {
          "Newtonsoft.Json": "[13.0.4, )",
          "Sylin.Koan.AI.Contracts.Shared": "[1.0.0, )"
        }
      },
      "Sylin.Koan.AI.Contracts.Shared": {
        "type": "Project"
      },
      "Sylin.Koan.Cache.Abstractions": {
        "type": "Project",
        "dependencies": {
          "Sylin.Koan.Core": "[1.0.0, )"
        }
      },
      "Sylin.Koan.Core": {
        "type": "Project",
        "dependencies": {
          "Newtonsoft.Json": "[13.0.4, )"
        }
      },
      "Sylin.Koan.Data.Abstractions": {
        "type": "Project",
        "dependencies": {
          "Newtonsoft.Json": "[13.0.4, )",
          "Sylin.Koan.Core": "[1.0.0, )"
        }
      },
      "Sylin.Koan.Data.Analytics": {
        "type": "Project",
        "dependencies": {
          "Sylin.Koan.Core": "[1.0.0, )",
          "Sylin.Koan.Data.Abstractions": "[1.0.0, )",
          "Sylin.Koan.Data.Core": "[1.0.0, )",
          "Sylin.Koan.Data.Relational": "[1.0.0, )"
        }
      },
      "Sylin.Koan.Data.Connector.Sqlite": {
        "type": "Project",
        "dependencies": {
          "Microsoft.Data.Sqlite": "[10.0.10, )",
          "SQLitePCLRaw.lib.e_sqlite3": "[3.53.3, )",
          "Sylin.Koan.Data.Abstractions": "[1.0.0, )",
          "Sylin.Koan.Data.Analytics": "[1.0.0, )",
          "Sylin.Koan.Data.Core": "[1.0.0, )",
          "Sylin.Koan.Data.Relational": "[1.0.0, )"
        }
      },
      "Sylin.Koan.Data.Core": {
        "type": "Project",
        "dependencies": {
          "Sylin.Koan.Cache.Abstractions": "[1.0.0, )",
          "Sylin.Koan.Core": "[1.0.0, )",
          "Sylin.Koan.Data.Abstractions": "[1.0.0, )"
        }
      },
      "Sylin.Koan.Data.Relational": {
        "type": "Project",
        "dependencies": {
          "Newtonsoft.Json": "[13.0.4, )",
          "Sylin.Koan.Data.Abstractions": "[1.0.0, )",
          "Sylin.Koan.Data.Core": "[1.0.0, )",
          "Sylin.Koan.Data.Relational.Abstractions": "[1.0.0, )"
        }
      },
      "Sylin.Koan.Data.Relational.Abstractions": {
        "type": "Project",
        "dependencies": {
          "Sylin.Koan.Data.Abstractions": "[1.0.0, )"
        }
      },
      "Sylin.Koan.Identity": {
        "type": "Project",
        "dependencies": {
          "Sylin.Koan.Core": "[1.0.0, )",
          "Sylin.Koan.Data.Core": "[1.0.0, )",
          "Sylin.Koan.Web": "[1.0.0, )",
          "Sylin.Koan.Web.Auth.Abstractions": "[1.0.0, )"
        }
      },
      "Sylin.Koan.Identity.Web": {
        "type": "Project",
        "dependencies": {
          "Sylin.Koan.Identity": "[1.0.0, )",
          "Sylin.Koan.Web": "[1.0.0, )"
        }
      },
      "Sylin.Koan.Security.Trust": {
        "type": "Project",
        "dependencies": {
          "Microsoft.AspNetCore.Authentication.JwtBearer": "[10.0.10, )",
          "Microsoft.IdentityModel.Tokens": "[8.19.2, )",
          "Sylin.Koan.Core": "[1.0.0, )",
          "System.IdentityModel.Tokens.Jwt": "[8.19.2, )"
        }
      },
      "Sylin.Koan.Web": {
        "type": "Project",
        "dependencies": {
          "Microsoft.AspNetCore.Mvc.NewtonsoftJson": "[10.0.10, )",
          "Sylin.Koan.Core": "[1.0.0, )",
          "Sylin.Koan.Data.Abstractions": "[1.0.0, )",
          "Sylin.Koan.Data.Core": "[1.0.0, )"
        }
      },
      "Sylin.Koan.Web.Auth": {
        "type": "Project",
        "dependencies": {
          "Microsoft.AspNetCore.Authentication.OpenIdConnect": "[10.0.10, )",
          "Newtonsoft.Json": "[13.0.4, )",
          "Sylin.Koan.Core": "[1.0.0, )",
          "Sylin.Koan.Security.Trust": "[1.0.0, )",
          "Sylin.Koan.Web": "[1.0.0, )",
          "Sylin.Koan.Web.Auth.Abstractions": "[1.0.0, )"
        }
      },
      "Sylin.Koan.Web.Auth.Abstractions": {
        "type": "Project",
        "dependencies": {
          "Sylin.Koan.Core": "[1.0.0, )"
        }
      },
      "Sylin.Koan.Web.Auth.Connector.Atproto": {
        "type": "Project",
        "dependencies": {
          "CarpaNet.OAuth": "[1.1.0-alpha.5, )",
          "DnsClient": "[1.8.0, )",
          "Sylin.Koan.Core": "[1.0.0, )",
          "Sylin.Koan.Web.Auth": "[1.0.0, )",
          "Sylin.Koan.Web.Auth.Abstractions": "[1.0.0, )"
        }
      }
    }
  }
}